github.com/jon-codes/getopt v0.2.1 h1:z4GR9UnZtZxfwpECYwDgwIzJ96PZDPK/2QhcpQQrUkc=
github.com/jon-codes/getopt v0.2.1/go.mod h1:ZdmM0SQaDC6biqEH/4HMSHdWAVJmX1tP62lrWVwH+p8=
github.com/jonathonwebb/getopt v1.0.2 h1:dojN3Lqg1A6L9kqB8nGjWjjwgvwU/I7fK29RHTpAzfE=
github.com/jonathonwebb/getopt v1.0.2/go.mod h1:yJW0hN4pOHVIPZMkYhZvzVnx6NkLq4TQrBKuxplxg00=
